<?xml version="1.0" encoding="utf-8"?>
<Project ToolsVersion="4.0" xmlns="http://schemas.microsoft.com/developer/msbuild/2003">
  <ItemGroup>
    <Filter Include="Source Files">
      <UniqueIdentifier>{4FC737F1-C7A5-4376-A066-2A32D752A2FF}</UniqueIdentifier>
      <Extensions>cpp;c;cc;cxx;def;odl;idl;hpj;bat;asm;asmx</Extensions>
    </Filter>
    <Filter Include="Header Files">
      <UniqueIdentifier>{93995380-89BD-4b04-88EB-625FBE52EBFB}</UniqueIdentifier>
      <Extensions>h;hpp;hxx;hm;inl;inc;xsd</Extensions>
    </Filter>
    <Filter Include="Resource Files">
      <UniqueIdentifier>{67DA6AB6-F800-4c08-8B7A-83BB121AAD01}</UniqueIdentifier>
      <Extensions>rc;ico;cur;bmp;dlg;rc2;rct;bin;rgs;gif;jpg;jpeg;jpe;resx;tiff;tif;png;wav;mfcribbon-ms</Extensions>
    </Filter>
  </ItemGroup>
  <ItemGroup>
    <ClCompile Include="AbcFrameworkDll.cpp">
      <Filter>Source Files</Filter>
    </ClCompile>
    <ClCompile Include="CAbcFramework.cpp">
      <Filter>Source Files</Filter>
    </ClCompile>
    <ClCompile Include="CAbcInput.cpp">
      <Filter>Source Files</Filter>
    </ClCompile>
    <ClCompile Include="AbcFrameworkMem.cpp">
      <Filter>Source Files</Filter>
    </ClCompile>
    <ClCompile Include="CAbcOArchive.cpp">
      <Filter>Source Files</Filter>
    </ClCompile>
    <ClCompile Include="CAbcOPolyMesh.cpp">
      <Filter>Source Files</Filter>
    </ClCompile>
    <ClCompile Include="CAbcOXform.cpp">
      <Filter>Source Files</Filter>
    </ClCompile>
    <ClCompile Include="CAbcOObjectFactory.cpp">
      <Filter>Source Files</Filter>
    </ClCompile>
    <ClCompile Include="CAbcIXform.cpp">
      <Filter>Source Files</Filter>
    </ClCompile>
    <ClCompile Include="CAbcIArchive.cpp">
      <Filter>Source Files</Filter>
    </ClCompile>
    <ClCompile Include="CAbcIPolyMesh.cpp">
      <Filter>Source Files</Filter>
    </ClCompile>
    <ClCompile Include="CAbcISampleSelector.cpp">
      <Filter>Source Files</Filter>
    </ClCompile>
    <ClCompile Include="CAbcTimeSampling.cpp">
      <Filter>Source Files</Filter>
    </ClCompile>
    <ClCompile Include="CAbcOPoints.cpp">
      <Filter>Source Files</Filter>
    </ClCompile>
    <ClCompile Include="CAbcOPropertyFactory.cpp">
      <Filter>Source Files</Filter>
    </ClCompile>
    <ClCompile Include="CAbcOProperty.cpp">
      <Filter>Source Files</Filter>
    </ClCompile>
    <ClCompile Include="CAbcDataTypeHelper.cpp">
      <Filter>Source Files</Filter>
    </ClCompile>
    <ClCompile Include="CAbcIPoints.cpp">
      <Filter>Source Files</Filter>
    </ClCompile>
    <ClCompile Include="CAbcIPropertyAccessor.cpp">
      <Filter>Source Files</Filter>
    </ClCompile>
    <ClCompile Include="CAbcOCamera.cpp">
      <Filter>Source Files</Filter>
    </ClCompile>
    <ClCompile Include="CAbcUtils.cpp">
      <Filter>Source Files</Filter>
    </ClCompile>
    <ClCompile Include="CAbcICamera.cpp">
      <Filter>Source Files</Filter>
    </ClCompile>
    <ClCompile Include="CAbcIFaceSet.cpp">
      <Filter>Source Files</Filter>
    </ClCompile>
    <ClCompile Include="CAbcOFaceSet.cpp">
      <Filter>Source Files</Filter>
    </ClCompile>
  </ItemGroup>
  <ItemGroup>
    <None Include="AbcFramework.def">
      <Filter>Source Files</Filter>
    </None>
  </ItemGroup>
  <ItemGroup>
    <ClInclude Include="..\include\AbcFramework.h">
      <Filter>Header Files</Filter>
    </ClInclude>
    <ClInclude Include="..\include\IAbcFramework.h">
      <Filter>Header Files</Filter>
    </ClInclude>
    <ClInclude Include="..\include\CAbcFramework.h">
      <Filter>Header Files</Filter>
    </ClInclude>
    <ClInclude Include="..\include\AbcFrameworkLoader.h">
      <Filter>Header Files</Filter>
    </ClInclude>
    <ClInclude Include="..\include\AbcFrameworkDll.h">
      <Filter>Header Files</Filter>
    </ClInclude>
    <ClInclude Include="..\include\CRefCount.h">
      <Filter>Header Files</Filter>
    </ClInclude>
    <ClInclude Include="..\include\IAbcInput.h">
      <Filter>Header Files</Filter>
    </ClInclude>
    <ClInclude Include="..\include\CAbcInput.h">
      <Filter>Header Files</Filter>
    </ClInclude>
    <ClInclude Include="..\include\CAbcInput_Helpers.h">
      <Filter>Header Files</Filter>
    </ClInclude>
    <ClInclude Include="..\include\AbcFrameworkUtil.h">
      <Filter>Header Files</Filter>
    </ClInclude>
    <ClInclude Include="..\include\AbcFrameworkMem.h">
      <Filter>Header Files</Filter>
    </ClInclude>
    <ClInclude Include="..\include\CAbcOArchive.h">
      <Filter>Header Files</Filter>
    </ClInclude>
    <ClInclude Include="..\include\CAbcOPolyMesh.h">
      <Filter>Header Files</Filter>
    </ClInclude>
    <ClInclude Include="..\include\CAbcOXform.h">
      <Filter>Header Files</Filter>
    </ClInclude>
    <ClInclude Include="..\include\CAbcOObject.h">
      <Filter>Header Files</Filter>
    </ClInclude>
    <ClInclude Include="..\include\CAbcOObjectFactory.h">
      <Filter>Header Files</Filter>
    </ClInclude>
    <ClInclude Include="..\include\IAbcOutput.h">
      <Filter>Header Files</Filter>
    </ClInclude>
    <ClInclude Include="..\include\CAbcOPoints.h">
      <Filter>Header Files</Filter>
    </ClInclude>
    <ClInclude Include="..\include\CAbcOutput_Helpers.h">
      <Filter>Header Files</Filter>
    </ClInclude>
    <ClInclude Include="..\include\CAbcOPropertyFactory.h">
      <Filter>Header Files</Filter>
    </ClInclude>
    <ClInclude Include="..\include\CAbcOProperty.h">
      <Filter>Header Files</Filter>
    </ClInclude>
    <ClInclude Include="..\include\IAbcOProperty.h">
      <Filter>Header Files</Filter>
    </ClInclude>
    <ClInclude Include="..\include\CAbcDataTypeHelper.h">
      <Filter>Header Files</Filter>
    </ClInclude>
    <ClInclude Include="..\include\AbcFrameworkDataTypes.h">
      <Filter>Header Files</Filter>
    </ClInclude>
    <ClInclude Include="..\include\AbcFrameworkPlainOldDataType.h">
      <Filter>Header Files</Filter>
    </ClInclude>
    <ClInclude Include="..\include\AbcFrameworkImportedTypes.h">
      <Filter>Header Files</Filter>
    </ClInclude>
    <ClInclude Include="..\include\AbcFrameworkCoreAbstractDataType.h">
      <Filter>Header Files</Filter>
    </ClInclude>
    <ClInclude Include="..\include\AbcFrameworkVersion.h">
      <Filter>Header Files</Filter>
    </ClInclude>
    <ClInclude Include="..\include\AbcFrameworkTypedPropertyTraits.h">
      <Filter>Header Files</Filter>
    </ClInclude>
    <ClInclude Include="..\include\AbcFrameworkDataTypeConverter.h">
      <Filter>Header Files</Filter>
    </ClInclude>
    <ClInclude Include="..\include\CAbcIPropertyAccessor.h">
      <Filter>Header Files</Filter>
    </ClInclude>
    <ClInclude Include="..\include\CAbcOCamera.h">
      <Filter>Header Files</Filter>
    </ClInclude>
    <ClInclude Include="..\include\CAbcUtils.h">
      <Filter>Header Files</Filter>
    </ClInclude>
    <ClInclude Include="..\include\CAbcOFaceSet.h">
      <Filter>Header Files</Filter>
    </ClInclude>
  </ItemGroup>
</Project>